
Microsoft Visual Studio Solution File, Format Version 12.00
# Visual Studio 2013
VisualStudioVersion = 12.0.40629.0
MinimumVisualStudioVersion = 10.0.40219.1
Project("{FAE04EC0-301F-11D3-BF4B-00C04F79EFBC}") = "COMP123 - S2016 - Lesson1", "COMP123 - S2016 - Lesson1\COMP123 - S2016 - Lesson1.csproj", "{74BA37D8-8547-42C9-AB99-D7799F3AA939}"
EndProject
Project("{FAE04EC0-301F-11D3-BF4B-00C04F79EFBC}") = "HelloWorldTestProject", "HelloWorldTestProject\HelloWorldTestProject.csproj", "{F797BC3A-4409-48F7-AA17-53F1737DBA43}"
EndProject
Global
	GlobalSection(SolutionConfigurationPlatforms) = preSolution
		Debug|Any CPU = Debug|Any CPU
		Release|Any CPU = Release|Any CPU
	EndGlobalSection
	GlobalSection(ProjectConfigurationPlatforms) = postSolution
		{74BA37D8-8547-42C9-AB99-D7799F3AA939}.Debug|Any CPU.ActiveCfg = Debug|Any CPU
		{74BA37D8-8547-42C9-AB99-D7799F3AA939}.Debug|Any CPU.Build.0 = Debug|Any CPU
		{74BA37D8-8547-42C9-AB99-D7799F3AA939}.Release|Any CPU.ActiveCfg = Release|Any CPU
		{74BA37D8-8547-42C9-AB99-D7799F3AA939}.Release|Any CPU.Build.0 = Release|Any CPU
		{F797BC3A-4409-48F7-AA17-53F1737DBA43}.Debug|Any CPU.ActiveCfg = Debug|Any CPU
		{F797BC3A-4409-48F7-AA17-53F1737DBA43}.Debug|Any CPU.Build.0 = Debug|Any CPU
		{F797BC3A-4409-48F7-AA17-53F1737DBA43}.Release|Any CPU.ActiveCfg = Release|Any CPU
		{F797BC3A-4409-48F7-AA17-53F1737DBA43}.Release|Any CPU.Build.0 = Release|Any CPU
	EndGlobalSection
	GlobalSection(SolutionProperties) = preSolution
		HideSolutionNode = FALSE
	EndGlobalSection
EndGlobal
